
Microsoft Visual Studio Solution File, Format Version 12.00
# Visual Studio 15
VisualStudioVersion = 15.0.27428.2015
MinimumVisualStudioVersion = 10.0.40219.1
Project("{FAE04EC0-301F-11D3-BF4B-00C04F79EFBC}") = "number_guessing_game", "number_guessing_game\number_guessing_game.csproj", "{9E55D730-37D1-45A5-95B4-525CE9F83967}"
EndProject
Global
	GlobalSection(SolutionConfigurationPlatforms) = preSolution
		Debug|Any CPU = Debug|Any CPU
		Release|Any CPU = Release|Any CPU
	EndGlobalSection
	GlobalSection(ProjectConfigurationPlatforms) = postSolution
		{9E55D730-37D1-45A5-95B4-525CE9F83967}.Debug|Any CPU.ActiveCfg = Debug|Any CPU
		{9E55D730-37D1-45A5-95B4-525CE9F83967}.Debug|Any CPU.Build.0 = Debug|Any CPU
		{9E55D730-37D1-45A5-95B4-525CE9F83967}.Release|Any CPU.ActiveCfg = Release|Any CPU
		{9E55D730-37D1-45A5-95B4-525CE9F83967}.Release|Any CPU.Build.0 = Release|Any CPU
	EndGlobalSection
	GlobalSection(SolutionProperties) = preSolution
		HideSolutionNode = FALSE
	EndGlobalSection
	GlobalSection(ExtensibilityGlobals) = postSolution
		SolutionGuid = {88D449D0-66BB-46E2-B71E-3A31A1D7E3E5}
	EndGlobalSection
EndGlobal
